{
  "name": "quickbrush-monorepo",
  "version": "1.0.0",
  "lockfileVersion": 3,
  "requires": true,
  "packages": {
    "": {
      "name": "quickbrush-monorepo",
      "version": "1.0.0",
      "license": "MIT",
      "workspaces": [
        "packages/*",
        "quickbrush-obsidian-plugin"
      ]
    },
    "node_modules/@quickbrush/core": {
      "resolved": "packages/quickbrush-core",
      "link": true
    },
    "node_modules/dotenv": {
      "version": "16.6.1",
      "resolved": "https://registry.npmjs.org/dotenv/-/dotenv-16.6.1.tgz",
      "integrity": "sha512-uBq4egWHTcTt33a72vpSG0z3HnPuIl6NqYcTrKEg2azoEyl2hpW0zqlxysq2pK9HlDIHyHyakeYaYnSAwd8bow==",
      "license": "BSD-2-Clause",
      "engines": {
        "node": ">=12"
      },
      "funding": {
        "url": "https://dotenvx.com"
      }
    },
    "node_modules/quickbrush-cli": {
      "resolved": "packages/quickbrush-cli",
      "link": true
    },
    "packages/quickbrush-cli": {
      "version": "1.0.0",
      "license": "MIT",
      "dependencies": {
        "dotenv": "^16.3.1"
      },
      "bin": {
        "quickbrush": "bin/quickbrush.mjs"
      }
    },
    "packages/quickbrush-core": {
      "name": "@quickbrush/core",
      "version": "1.0.0",
      "license": "MIT"
    },
    "quickbrush-obsidian-plugin": {
      "name": "obsidian-quickbrush",
      "version": "1.0.0",
      "extraneous": true,
      "license": "MIT",
      "dependencies": {
        "@quickbrush/core": "file:../packages/quickbrush-core"
      },
      "devDependencies": {
        "@types/node": "^16.11.6",
        "@typescript-eslint/eslint-plugin": "5.29.0",
        "@typescript-eslint/parser": "5.29.0",
        "builtin-modules": "3.3.0",
        "esbuild": "0.17.3",
        "obsidian": "latest",
        "tslib": "2.4.0",
        "typescript": "4.7.4"
      }
    }
  }
}
